
Microsoft Visual Studio Solution File, Format Version 12.00
# Visual Studio Version 17
VisualStudioVersion = 17.14.36603.0 d17.14
MinimumVisualStudioVersion = 10.0.40219.1
Project("{FAE04EC0-301F-11D3-BF4B-00C04F79EFBC}") = "DevBench", "DevBench\DevBench.csproj", "{D5B4AF10-60CC-4539-B4BC-46BD403BB544}"
EndProject
Project("{FAE04EC0-301F-11D3-BF4B-00C04F79EFBC}") = "DevBench.Client", "DevBench.Client\DevBench.Client.csproj", "{3D8D254E-DB9E-44BD-8745-E71793ABEF34}"
EndProject
Global
	GlobalSection(SolutionConfigurationPlatforms) = preSolution
		Debug|Any CPU = Debug|Any CPU
		Release|Any CPU = Release|Any CPU
	EndGlobalSection
	GlobalSection(ProjectConfigurationPlatforms) = postSolution
		{D5B4AF10-60CC-4539-B4BC-46BD403BB544}.Debug|Any CPU.ActiveCfg = Debug|Any CPU
		{D5B4AF10-60CC-4539-B4BC-46BD403BB544}.Debug|Any CPU.Build.0 = Debug|Any CPU
		{D5B4AF10-60CC-4539-B4BC-46BD403BB544}.Release|Any CPU.ActiveCfg = Release|Any CPU
		{D5B4AF10-60CC-4539-B4BC-46BD403BB544}.Release|Any CPU.Build.0 = Release|Any CPU
		{3D8D254E-DB9E-44BD-8745-E71793ABEF34}.Debug|Any CPU.ActiveCfg = Debug|Any CPU
		{3D8D254E-DB9E-44BD-8745-E71793ABEF34}.Debug|Any CPU.Build.0 = Debug|Any CPU
		{3D8D254E-DB9E-44BD-8745-E71793ABEF34}.Release|Any CPU.ActiveCfg = Release|Any CPU
		{3D8D254E-DB9E-44BD-8745-E71793ABEF34}.Release|Any CPU.Build.0 = Release|Any CPU
	EndGlobalSection
	GlobalSection(SolutionProperties) = preSolution
		HideSolutionNode = FALSE
	EndGlobalSection
	GlobalSection(ExtensibilityGlobals) = postSolution
		SolutionGuid = {2BC6ABFC-ED6B-49D2-AE26-A87C90353738}
	EndGlobalSection
EndGlobal
